# This file is autogenerated, do not edit; changes may be undone by the next 'dep ensure'.


[[projects]]
  digest = "1:3b8f5d88e2b182b77f04355ed40c8810e516913bedc51b4ffd17ec506613a90e"
  name = "github.com/Sirupsen/logrus"
  packages = ["."]
  pruneopts = "UT"
  revision = "a3f95b5c423586578a4e099b11a46c2479628cac"
  version = "1.0.2"

[[projects]]
  branch = "master"
  digest = "1:87009a0bb1cfbdf3e4659482c9c2259ab669162e3395cf05c63c01f6a0579a4c"
  name = "github.com/ipedrazas/drone-helm"
  packages = ["plugin"]
  pruneopts = "UT"
  revision = "057547a6f11d0e4dffbf194bfe9e538013bfdbfa"

[[projects]]
  digest = "1:d8cadef127871902b9aaa711a74bf6dd74feeb3f97b67c31b9dcdd02b8284b45"
  name = "github.com/joho/godotenv"
  packages = ["."]
  pruneopts = "UT"
  revision = "726cc8b906e3d31c70a9671c90a13716a8d3f50d"
  version = "v1.1"

[[projects]]
  digest = "1:01d3c3dfb7ef9da24cd00cbd5b9e2c147fa7a3f44a83028bc737da9cac7ed60b"
  name = "github.com/urfave/cli"
  packages = ["."]
  pruneopts = "UT"
  revision = "0bdeddeeb0f650497d603c4ad7b20cfe685682f6"
  version = "v1.19.1"

[[projects]]
  digest = "1:1823f145d46c33abc0d1b15711d24839b2266f8e23c2b8dca1d35be3b0a84029"
  name = "golang.org/x/sys"
  packages = ["unix"]
  pruneopts = "UT"
  revision = "c4489faa6e5ab84c0ef40d6ee878f7a030281f0f"

[solve-meta]
  analyzer-name = "dep"
  analyzer-version = 1
  input-imports = [
    "github.com/Sirupsen/logrus",
    "github.com/ipedrazas/drone-helm/plugin",
    "github.com/joho/godotenv",
    "github.com/urfave/cli",
  ]
  solver-name = "gps-cdcl"
  solver-version = 1
